
Microsoft Visual Studio Solution File, Format Version 11.00
# Visual Studio 2010
Project("{FAE04EC0-301F-11D3-BF4B-00C04F79EFBC}") = "Solitaire", "Solitaire\Solitaire\Solitaire.csproj", "{E3C23005-D953-4CDF-BD4A-DCD1946E189B}"
EndProject
Project("{96E2B04D-8817-42C6-938A-82C39BA4D311}") = "SolitaireContent", "Solitaire\SolitaireContent\SolitaireContent.contentproj", "{2B6F80D0-8CF0-42EB-AADD-4B15996B04CA}"
EndProject
Global
	GlobalSection(SolutionConfigurationPlatforms) = preSolution
		Debug|x86 = Debug|x86
		Release|x86 = Release|x86
	EndGlobalSection
	GlobalSection(ProjectConfigurationPlatforms) = postSolution
		{E3C23005-D953-4CDF-BD4A-DCD1946E189B}.Debug|x86.ActiveCfg = Debug|x86
		{E3C23005-D953-4CDF-BD4A-DCD1946E189B}.Debug|x86.Build.0 = Debug|x86
		{E3C23005-D953-4CDF-BD4A-DCD1946E189B}.Release|x86.ActiveCfg = Release|x86
		{E3C23005-D953-4CDF-BD4A-DCD1946E189B}.Release|x86.Build.0 = Release|x86
		{2B6F80D0-8CF0-42EB-AADD-4B15996B04CA}.Debug|x86.ActiveCfg = Debug|x86
		{2B6F80D0-8CF0-42EB-AADD-4B15996B04CA}.Release|x86.ActiveCfg = Release|x86
	EndGlobalSection
	GlobalSection(SolutionProperties) = preSolution
		HideSolutionNode = FALSE
	EndGlobalSection
EndGlobal
